<Solution>
  <Folder Name="/contracts/">
    <Project Path="contracts/Skarbiec.Contracts.Tests/Skarbiec.Contracts.Tests.csproj" />
    <Project Path="contracts/Skarbiec.Contracts/Skarbiec.Contracts.csproj" />
  </Folder>
  <Folder Name="/services/Identity/">
    <Project Path="services/Identity/Skarbiec.Identity/Skarbiec.Identity.csproj" />
    <Project Path="services/Identity/Skarbiec.Identity.Tests/Skarbiec.Identity.Tests.csproj" />
  </Folder>
  <Project Path="Skarbiec.AppHost/Skarbiec.AppHost.csproj" />
  <Project Path="Skarbiec.ServiceDefaults/Skarbiec.ServiceDefaults.csproj" />
  <Project Path="Skarbiec.ServiceDefaults.Sample/Skarbiec.ServiceDefaults.Sample.csproj" />
  <Project Path="Skarbiec.ServiceDefaults.Tests/Skarbiec.ServiceDefaults.Tests.csproj" />
  <Project Path="Skarbiec.Testing/Skarbiec.Testing.csproj" />
</Solution>
